// !$*UTF8*$!
{
	archiveVersion = 1;
	classes = {
	};
	objectVersion = 46;
	objects = {

/* Begin PBXBuildFile section */
		0A7CF4C24EE550480F1B8466 /* libPods-infor[me].a in Frameworks */ = {isa = PBXBuildFile; fileRef = B3E92282B7CEF11ACA07BC61 /* libPods-infor[me].a */; };
		38232C411B75123B00789340 /* TodayTableViewController.swift in Sources */ = {isa = PBXBuildFile; fileRef = 38232C401B75123B00789340 /* TodayTableViewController.swift */; };
		38232C4A1B75190500789340 /* PostTableViewCell.swift in Sources */ = {isa = PBXBuildFile; fileRef = 38232C491B75190500789340 /* PostTableViewCell.swift */; };
		38232C4C1B75192400789340 /* PostTableViewCell.xib in Resources */ = {isa = PBXBuildFile; fileRef = 38232C4B1B75192400789340 /* PostTableViewCell.xib */; };
		382337E71C2C8F66007E9409 /* ImagePreviewViewController.swift in Sources */ = {isa = PBXBuildFile; fileRef = 382337E61C2C8F66007E9409 /* ImagePreviewViewController.swift */; };
		382AEF981B7EEB64002A330D /* PostTableViewManager.swift in Sources */ = {isa = PBXBuildFile; fileRef = 382AEF971B7EEB64002A330D /* PostTableViewManager.swift */; };
		382AEF9A1B7EEE0A002A330D /* OrganizationViewController.swift in Sources */ = {isa = PBXBuildFile; fileRef = 382AEF991B7EEE0A002A330D /* OrganizationViewController.swift */; };
		382AEF9C1B7EF3C2002A330D /* TabBarController.swift in Sources */ = {isa = PBXBuildFile; fileRef = 382AEF9B1B7EF3C2002A330D /* TabBarController.swift */; };
		382AEF9E1B7EF643002A330D /* PopoverDatePicker.xib in Resources */ = {isa = PBXBuildFile; fileRef = 382AEF9D1B7EF643002A330D /* PopoverDatePicker.xib */; };
		382AEFA01B7EF846002A330D /* PopoverDatePicker.swift in Sources */ = {isa = PBXBuildFile; fileRef = 382AEF9F1B7EF846002A330D /* PopoverDatePicker.swift */; };
		38302D291B8E24CA002A548A /* Organization.swift in Sources */ = {isa = PBXBuildFile; fileRef = 38302D281B8E24CA002A548A /* Organization.swift */; };
		38302D2D1B8F5C7E002A548A /* DatePickerViewController.swift in Sources */ = {isa = PBXBuildFile; fileRef = 38302D2C1B8F5C7E002A548A /* DatePickerViewController.swift */; };
		3831F4F71BC1D8C600FB6549 /* SignInViewController.swift in Sources */ = {isa = PBXBuildFile; fileRef = 3831F4F61BC1D8C600FB6549 /* SignInViewController.swift */; };
		383E5DE31C0365F2005DF406 /* CloudCodeFunctions.swift in Sources */ = {isa = PBXBuildFile; fileRef = 383E5DE21C0365F2005DF406 /* CloudCodeFunctions.swift */; };
		383E763F1B83D7AD00A75432 /* Main.storyboard in Resources */ = {isa = PBXBuildFile; fileRef = 383E763E1B83D7AD00A75432 /* Main.storyboard */; };
		383E76411B8409C900A75432 /* DiscoverCollectionViewController.swift in Sources */ = {isa = PBXBuildFile; fileRef = 383E76401B8409C900A75432 /* DiscoverCollectionViewController.swift */; };
		383E76451B841CCD00A75432 /* OrganizationCollectionViewCell.swift in Sources */ = {isa = PBXBuildFile; fileRef = 383E76441B841CCD00A75432 /* OrganizationCollectionViewCell.swift */; };
		383E76471B84DFDC00A75432 /* OrganizationCollectionViewCell.xib in Resources */ = {isa = PBXBuildFile; fileRef = 383E76461B84DFDC00A75432 /* OrganizationCollectionViewCell.xib */; };
		383E76491B84EADE00A75432 /* CommentTableViewCell.xib in Resources */ = {isa = PBXBuildFile; fileRef = 383E76481B84EADE00A75432 /* CommentTableViewCell.xib */; };
		383E764B1B84ECB000A75432 /* CommentsTableViewController.swift in Sources */ = {isa = PBXBuildFile; fileRef = 383E764A1B84ECB000A75432 /* CommentsTableViewController.swift */; };
		383E764D1B84ED2500A75432 /* CommentTableViewCell.swift in Sources */ = {isa = PBXBuildFile; fileRef = 383E764C1B84ED2500A75432 /* CommentTableViewCell.swift */; };
		383E764F1B84F4D300A75432 /* PostWithPhotoTableViewCell.xib in Resources */ = {isa = PBXBuildFile; fileRef = 383E764E1B84F4D300A75432 /* PostWithPhotoTableViewCell.xib */; };
		383E76541B850C3D00A75432 /* CommentsTableViewManager.swift in Sources */ = {isa = PBXBuildFile; fileRef = 383E76531B850C3D00A75432 /* CommentsTableViewManager.swift */; };
		383E76561B85548300A75432 /* FollowButton.xib in Resources */ = {isa = PBXBuildFile; fileRef = 383E76551B85548300A75432 /* FollowButton.xib */; };
		383E76581B8555B600A75432 /* FollowButton.swift in Sources */ = {isa = PBXBuildFile; fileRef = 383E76571B8555B600A75432 /* FollowButton.swift */; };
		384CB3A11C6153AF00472CE2 /* FollowerTableViewController.swift in Sources */ = {isa = PBXBuildFile; fileRef = 384CB3A01C6153AF00472CE2 /* FollowerTableViewController.swift */; };
		384CB3A31C62B65A00472CE2 /* AdminUserTableViewController.swift in Sources */ = {isa = PBXBuildFile; fileRef = 384CB3A21C62B65A00472CE2 /* AdminUserTableViewController.swift */; };
		3854556E1BE6C37000B372D7 /* DatePickerTableViewCell.xib in Resources */ = {isa = PBXBuildFile; fileRef = 3854556D1BE6C37000B372D7 /* DatePickerTableViewCell.xib */; };
		385455701BE6C38E00B372D7 /* DatePickerTableViewCell.swift in Sources */ = {isa = PBXBuildFile; fileRef = 3854556F1BE6C38E00B372D7 /* DatePickerTableViewCell.swift */; };
		385455721BE6D9F700B372D7 /* ImageTableViewCell.xib in Resources */ = {isa = PBXBuildFile; fileRef = 385455711BE6D9F700B372D7 /* ImageTableViewCell.xib */; };
		385455741BE6DA1A00B372D7 /* ImageTableViewCell.swift in Sources */ = {isa = PBXBuildFile; fileRef = 385455731BE6DA1A00B372D7 /* ImageTableViewCell.swift */; };
		385455761BE6DA4B00B372D7 /* SwitchTableViewCell.swift in Sources */ = {isa = PBXBuildFile; fileRef = 385455751BE6DA4B00B372D7 /* SwitchTableViewCell.swift */; };
		385455781BE6DA6300B372D7 /* SwitchTableViewCell.xib in Resources */ = {isa = PBXBuildFile; fileRef = 385455771BE6DA6300B372D7 /* SwitchTableViewCell.xib */; };
		3854557A1BE6DBBD00B372D7 /* SegmentedControlTableViewCell.xib in Resources */ = {isa = PBXBuildFile; fileRef = 385455791BE6DBBD00B372D7 /* SegmentedControlTableViewCell.xib */; };
		3854557C1BE6DBCF00B372D7 /* SegmentedControlTableViewCell.swift in Sources */ = {isa = PBXBuildFile; fileRef = 3854557B1BE6DBCF00B372D7 /* SegmentedControlTableViewCell.swift */; };
		3855E6751C02B96900F4E692 /* OrganizationLevelsConfig.swift in Sources */ = {isa = PBXBuildFile; fileRef = 3855E6741C02B96900F4E692 /* OrganizationLevelsConfig.swift */; };
		3855E6771C02C76200F4E692 /* ModifyOrganizationTableViewController.swift in Sources */ = {isa = PBXBuildFile; fileRef = 3855E6761C02C76200F4E692 /* ModifyOrganizationTableViewController.swift */; };
		3855E67B1C02C95C00F4E692 /* AdminTableViewController.swift in Sources */ = {isa = PBXBuildFile; fileRef = 3855E67A1C02C95C00F4E692 /* AdminTableViewController.swift */; };
		3858A9991BC1B41C00C6BED9 /* OnboardingViewController.swift in Sources */ = {isa = PBXBuildFile; fileRef = 3858A9981BC1B41C00C6BED9 /* OnboardingViewController.swift */; };
		3858A99B1BC1C4E600C6BED9 /* SlantedView.swift in Sources */ = {isa = PBXBuildFile; fileRef = 3858A99A1BC1C4E600C6BED9 /* SlantedView.swift */; };
		385C7B761BC1ED6400141E04 /* MoreTableViewController.swift in Sources */ = {isa = PBXBuildFile; fileRef = 385C7B751BC1ED6400141E04 /* MoreTableViewController.swift */; };
		385C7B781BCDC41E00141E04 /* SignUpViewController.swift in Sources */ = {isa = PBXBuildFile; fileRef = 385C7B771BCDC41E00141E04 /* SignUpViewController.swift */; };
		385C7B7B1BCF19AF00141E04 /* TextInputTableViewCell.swift in Sources */ = {isa = PBXBuildFile; fileRef = 385C7B7A1BCF19AF00141E04 /* TextInputTableViewCell.swift */; };
		385C7B7D1BCF19CA00141E04 /* TextInputTableViewCell.xib in Resources */ = {isa = PBXBuildFile; fileRef = 385C7B7C1BCF19CA00141E04 /* TextInputTableViewCell.xib */; };
		385C7B811BCF1C7D00141E04 /* NewPostTableViewController.swift in Sources */ = {isa = PBXBuildFile; fileRef = 385C7B801BCF1C7D00141E04 /* NewPostTableViewController.swift */; };
		385C7B831BD2BFF000141E04 /* StatusIndicator.xib in Resources */ = {isa = PBXBuildFile; fileRef = 385C7B821BD2BFF000141E04 /* StatusIndicator.xib */; };
		385C7B851BD2C46200141E04 /* StatusIndicator.swift in Sources */ = {isa = PBXBuildFile; fileRef = 385C7B841BD2C46200141E04 /* StatusIndicator.swift */; };
		3867009E1B8664D800193355 /* UserViewController.swift in Sources */ = {isa = PBXBuildFile; fileRef = 3867009D1B8664D800193355 /* UserViewController.swift */; };
		386700A01B86650300193355 /* OrganizationCollectionViewManager.swift in Sources */ = {isa = PBXBuildFile; fileRef = 3867009F1B86650300193355 /* OrganizationCollectionViewManager.swift */; };
		386700A21B8D461900193355 /* Post.swift in Sources */ = {isa = PBXBuildFile; fileRef = 386700A11B8D461900193355 /* Post.swift */; };
		386765481BEA51F500B70FEB /* ErrorMessageTableViewController.swift in Sources */ = {isa = PBXBuildFile; fileRef = 386765471BEA51F500B70FEB /* ErrorMessageTableViewController.swift */; };
		3869BDD21B7D37E3007C97AE /* Utilities.swift in Sources */ = {isa = PBXBuildFile; fileRef = 3869BDD11B7D37E3007C97AE /* Utilities.swift */; };
		3869BDD41B7D487B007C97AE /* PostWithPhotoTableViewCell.swift in Sources */ = {isa = PBXBuildFile; fileRef = 3869BDD31B7D487B007C97AE /* PostWithPhotoTableViewCell.swift */; };
		386EC8361B7532BE00921F4C /* UIColor+Announcements-iOS.swift in Sources */ = {isa = PBXBuildFile; fileRef = 386EC8351B7532BE00921F4C /* UIColor+Announcements-iOS.swift */; };
		3877EE431B965F1100433E60 /* Comment.swift in Sources */ = {isa = PBXBuildFile; fileRef = 3877EE421B965F1100433E60 /* Comment.swift */; };
		3877EE451B969BDA00433E60 /* User.swift in Sources */ = {isa = PBXBuildFile; fileRef = 3877EE441B969BDA00433E60 /* User.swift */; };
		3877EE471B96B63D00433E60 /* Follower.swift in Sources */ = {isa = PBXBuildFile; fileRef = 3877EE461B96B63D00433E60 /* Follower.swift */; };
		3882B0C91BE6878D00002730 /* TextViewTableViewCell.swift in Sources */ = {isa = PBXBuildFile; fileRef = 3882B0C81BE6878D00002730 /* TextViewTableViewCell.swift */; };
		3882B0CB1BE687B000002730 /* TextViewTableViewCell.xib in Resources */ = {isa = PBXBuildFile; fileRef = 3882B0CA1BE687B000002730 /* TextViewTableViewCell.xib */; };
		389168671B75401500351191 /* photo-1421757295538-9c80958e75b0.jpeg in Resources */ = {isa = PBXBuildFile; fileRef = 389168661B75401500351191 /* photo-1421757295538-9c80958e75b0.jpeg */; };
		389D385D1BB23A380003C42B /* AdminCollectionViewController.swift in Sources */ = {isa = PBXBuildFile; fileRef = 389D385C1BB23A380003C42B /* AdminCollectionViewController.swift */; };
		389D385F1BB9B9520003C42B /* AdminPanelTableViewController.swift in Sources */ = {isa = PBXBuildFile; fileRef = 389D385E1BB9B9520003C42B /* AdminPanelTableViewController.swift */; };
		38DAD0251C2CC31B0042C76C /* ImagePicker.swift in Sources */ = {isa = PBXBuildFile; fileRef = 38DAD0241C2CC31B0042C76C /* ImagePicker.swift */; };
		38E990F21C344A6C005B98A0 /* UserTableViewCell.xib in Resources */ = {isa = PBXBuildFile; fileRef = 38E990F11C344A6C005B98A0 /* UserTableViewCell.xib */; };
		38E990F41C344A8C005B98A0 /* UserTableViewCell.swift in Sources */ = {isa = PBXBuildFile; fileRef = 38E990F31C344A8C005B98A0 /* UserTableViewCell.swift */; };
		38E990F81C3878C2005B98A0 /* UserTableViewController.swift in Sources */ = {isa = PBXBuildFile; fileRef = 38E990F71C3878C2005B98A0 /* UserTableViewController.swift */; };
		38F39EA31BFA9F060011384B /* TermsConditionsViewController.swift in Sources */ = {isa = PBXBuildFile; fileRef = 38F39EA21BFA9F060011384B /* TermsConditionsViewController.swift */; };
		38FD453F1B54527300896403 /* AppDelegate.swift in Sources */ = {isa = PBXBuildFile; fileRef = 38FD453E1B54527300896403 /* AppDelegate.swift */; };
		38FD45461B54527300896403 /* Images.xcassets in Resources */ = {isa = PBXBuildFile; fileRef = 38FD45451B54527300896403 /* Images.xcassets */; };
		38FD45491B54527300896403 /* LaunchScreen.xib in Resources */ = {isa = PBXBuildFile; fileRef = 38FD45471B54527300896403 /* LaunchScreen.xib */; };
		38FF93281B9938C500A98FC1 /* TextViewController.swift in Sources */ = {isa = PBXBuildFile; fileRef = 38FF93271B9938C500A98FC1 /* TextViewController.swift */; };
/* End PBXBuildFile section */

/* Begin PBXFileReference section */
		1F99AE053E58EF24F8DD1A40 /* Pods-infor[me].release.xcconfig */ = {isa = PBXFileReference; includeInIndex = 1; lastKnownFileType = text.xcconfig; name = "Pods-infor[me].release.xcconfig"; path = "Pods/Target Support Files/Pods-infor[me]/Pods-infor[me].release.xcconfig"; sourceTree = "<group>"; };
		38232C401B75123B00789340 /* TodayTableViewController.swift */ = {isa = PBXFileReference; fileEncoding = 4; lastKnownFileType = sourcecode.swift; path = TodayTableViewController.swift; sourceTree = "<group>"; };
		38232C491B75190500789340 /* PostTableViewCell.swift */ = {isa = PBXFileReference; fileEncoding = 4; lastKnownFileType = sourcecode.swift; path = PostTableViewCell.swift; sourceTree = "<group>"; };
		38232C4B1B75192400789340 /* PostTableViewCell.xib */ = {isa = PBXFileReference; fileEncoding = 4; lastKnownFileType = file.xib; path = PostTableViewCell.xib; sourceTree = "<group>"; };
		382337E61C2C8F66007E9409 /* ImagePreviewViewController.swift */ = {isa = PBXFileReference; fileEncoding = 4; lastKnownFileType = sourcecode.swift; path = ImagePreviewViewController.swift; sourceTree = "<group>"; };
		382AEF971B7EEB64002A330D /* PostTableViewManager.swift */ = {isa = PBXFileReference; fileEncoding = 4; lastKnownFileType = sourcecode.swift; path = PostTableViewManager.swift; sourceTree = "<group>"; };
		382AEF991B7EEE0A002A330D /* OrganizationViewController.swift */ = {isa = PBXFileReference; fileEncoding = 4; lastKnownFileType = sourcecode.swift; path = OrganizationViewController.swift; sourceTree = "<group>"; };
		382AEF9B1B7EF3C2002A330D /* TabBarController.swift */ = {isa = PBXFileReference; fileEncoding = 4; lastKnownFileType = sourcecode.swift; path = TabBarController.swift; sourceTree = "<group>"; };
		382AEF9D1B7EF643002A330D /* PopoverDatePicker.xib */ = {isa = PBXFileReference; fileEncoding = 4; lastKnownFileType = file.xib; path = PopoverDatePicker.xib; sourceTree = "<group>"; };
		382AEF9F1B7EF846002A330D /* PopoverDatePicker.swift */ = {isa = PBXFileReference; fileEncoding = 4; lastKnownFileType = sourcecode.swift; path = PopoverDatePicker.swift; sourceTree = "<group>"; };
		38302D281B8E24CA002A548A /* Organization.swift */ = {isa = PBXFileReference; fileEncoding = 4; lastKnownFileType = sourcecode.swift; path = Organization.swift; sourceTree = "<group>"; };
		38302D2C1B8F5C7E002A548A /* DatePickerViewController.swift */ = {isa = PBXFileReference; fileEncoding = 4; lastKnownFileType = sourcecode.swift; path = DatePickerViewController.swift; sourceTree = "<group>"; };
		3831F4F61BC1D8C600FB6549 /* SignInViewController.swift */ = {isa = PBXFileReference; fileEncoding = 4; lastKnownFileType = sourcecode.swift; path = SignInViewController.swift; sourceTree = "<group>"; };
		383E5DE21C0365F2005DF406 /* CloudCodeFunctions.swift */ = {isa = PBXFileReference; fileEncoding = 4; lastKnownFileType = sourcecode.swift; path = CloudCodeFunctions.swift; sourceTree = "<group>"; };
		383E763E1B83D7AD00A75432 /* Main.storyboard */ = {isa = PBXFileReference; fileEncoding = 4; lastKnownFileType = file.storyboard; name = Main.storyboard; path = ../Main.storyboard; sourceTree = "<group>"; };
		383E76401B8409C900A75432 /* DiscoverCollectionViewController.swift */ = {isa = PBXFileReference; fileEncoding = 4; lastKnownFileType = sourcecode.swift; path = DiscoverCollectionViewController.swift; sourceTree = "<group>"; };
		383E76441B841CCD00A75432 /* OrganizationCollectionViewCell.swift */ = {isa = PBXFileReference; fileEncoding = 4; lastKnownFileType = sourcecode.swift; path = OrganizationCollectionViewCell.swift; sourceTree = "<group>"; };
		383E76461B84DFDC00A75432 /* OrganizationCollectionViewCell.xib */ = {isa = PBXFileReference; fileEncoding = 4; lastKnownFileType = file.xib; path = OrganizationCollectionViewCell.xib; sourceTree = "<group>"; };
		383E76481B84EADE00A75432 /* CommentTableViewCell.xib */ = {isa = PBXFileReference; fileEncoding = 4; lastKnownFileType = file.xib; path = CommentTableViewCell.xib; sourceTree = "<group>"; };
		383E764A1B84ECB000A75432 /* CommentsTableViewController.swift */ = {isa = PBXFileReference; fileEncoding = 4; lastKnownFileType = sourcecode.swift; path = CommentsTableViewController.swift; sourceTree = "<group>"; };
		383E764C1B84ED2500A75432 /* CommentTableViewCell.swift */ = {isa = PBXFileReference; fileEncoding = 4; lastKnownFileType = sourcecode.swift; path = CommentTableViewCell.swift; sourceTree = "<group>"; };
		383E764E1B84F4D300A75432 /* PostWithPhotoTableViewCell.xib */ = {isa = PBXFileReference; fileEncoding = 4; lastKnownFileType = file.xib; path = PostWithPhotoTableViewCell.xib; sourceTree = "<group>"; };
		383E76531B850C3D00A75432 /* CommentsTableViewManager.swift */ = {isa = PBXFileReference; fileEncoding = 4; lastKnownFileType = sourcecode.swift; path = CommentsTableViewManager.swift; sourceTree = "<group>"; };
		383E76551B85548300A75432 /* FollowButton.xib */ = {isa = PBXFileReference; fileEncoding = 4; lastKnownFileType = file.xib; path = FollowButton.xib; sourceTree = "<group>"; };
		383E76571B8555B600A75432 /* FollowButton.swift */ = {isa = PBXFileReference; fileEncoding = 4; lastKnownFileType = sourcecode.swift; path = FollowButton.swift; sourceTree = "<group>"; };
		384CB3A01C6153AF00472CE2 /* FollowerTableViewController.swift */ = {isa = PBXFileReference; fileEncoding = 4; lastKnownFileType = sourcecode.swift; path = FollowerTableViewController.swift; sourceTree = "<group>"; };
		384CB3A21C62B65A00472CE2 /* AdminUserTableViewController.swift */ = {isa = PBXFileReference; fileEncoding = 4; lastKnownFileType = sourcecode.swift; path = AdminUserTableViewController.swift; sourceTree = "<group>"; };
		3854556D1BE6C37000B372D7 /* DatePickerTableViewCell.xib */ = {isa = PBXFileReference; fileEncoding = 4; lastKnownFileType = file.xib; path = DatePickerTableViewCell.xib; sourceTree = "<group>"; };
		3854556F1BE6C38E00B372D7 /* DatePickerTableViewCell.swift */ = {isa = PBXFileReference; fileEncoding = 4; lastKnownFileType = sourcecode.swift; path = DatePickerTableViewCell.swift; sourceTree = "<group>"; };
		385455711BE6D9F700B372D7 /* ImageTableViewCell.xib */ = {isa = PBXFileReference; fileEncoding = 4; lastKnownFileType = file.xib; path = ImageTableViewCell.xib; sourceTree = "<group>"; };
		385455731BE6DA1A00B372D7 /* ImageTableViewCell.swift */ = {isa = PBXFileReference; fileEncoding = 4; lastKnownFileType = sourcecode.swift; path = ImageTableViewCell.swift; sourceTree = "<group>"; };
		385455751BE6DA4B00B372D7 /* SwitchTableViewCell.swift */ = {isa = PBXFileReference; fileEncoding = 4; lastKnownFileType = sourcecode.swift; path = SwitchTableViewCell.swift; sourceTree = "<group>"; };
		385455771BE6DA6300B372D7 /* SwitchTableViewCell.xib */ = {isa = PBXFileReference; fileEncoding = 4; lastKnownFileType = file.xib; path = SwitchTableViewCell.xib; sourceTree = "<group>"; };
		385455791BE6DBBD00B372D7 /* SegmentedControlTableViewCell.xib */ = {isa = PBXFileReference; fileEncoding = 4; lastKnownFileType = file.xib; path = SegmentedControlTableViewCell.xib; sourceTree = "<group>"; };
		3854557B1BE6DBCF00B372D7 /* SegmentedControlTableViewCell.swift */ = {isa = PBXFileReference; fileEncoding = 4; lastKnownFileType = sourcecode.swift; path = SegmentedControlTableViewCell.swift; sourceTree = "<group>"; };
		3855E6741C02B96900F4E692 /* OrganizationLevelsConfig.swift */ = {isa = PBXFileReference; fileEncoding = 4; lastKnownFileType = sourcecode.swift; path = OrganizationLevelsConfig.swift; sourceTree = "<group>"; };
		3855E6761C02C76200F4E692 /* ModifyOrganizationTableViewController.swift */ = {isa = PBXFileReference; fileEncoding = 4; lastKnownFileType = sourcecode.swift; path = ModifyOrganizationTableViewController.swift; sourceTree = "<group>"; };
		3855E67A1C02C95C00F4E692 /* AdminTableViewController.swift */ = {isa = PBXFileReference; fileEncoding = 4; lastKnownFileType = sourcecode.swift; path = AdminTableViewController.swift; sourceTree = "<group>"; };
		3858A9981BC1B41C00C6BED9 /* OnboardingViewController.swift */ = {isa = PBXFileReference; fileEncoding = 4; lastKnownFileType = sourcecode.swift; path = OnboardingViewController.swift; sourceTree = "<group>"; };
		3858A99A1BC1C4E600C6BED9 /* SlantedView.swift */ = {isa = PBXFileReference; fileEncoding = 4; lastKnownFileType = sourcecode.swift; path = SlantedView.swift; sourceTree = "<group>"; };
		385C7B751BC1ED6400141E04 /* MoreTableViewController.swift */ = {isa = PBXFileReference; fileEncoding = 4; lastKnownFileType = sourcecode.swift; path = MoreTableViewController.swift; sourceTree = "<group>"; };
		385C7B771BCDC41E00141E04 /* SignUpViewController.swift */ = {isa = PBXFileReference; fileEncoding = 4; lastKnownFileType = sourcecode.swift; path = SignUpViewController.swift; sourceTree = "<group>"; };
		385C7B7A1BCF19AF00141E04 /* TextInputTableViewCell.swift */ = {isa = PBXFileReference; fileEncoding = 4; lastKnownFileType = sourcecode.swift; path = TextInputTableViewCell.swift; sourceTree = "<group>"; };
		385C7B7C1BCF19CA00141E04 /* TextInputTableViewCell.xib */ = {isa = PBXFileReference; fileEncoding = 4; lastKnownFileType = file.xib; path = TextInputTableViewCell.xib; sourceTree = "<group>"; };
		385C7B801BCF1C7D00141E04 /* NewPostTableViewController.swift */ = {isa = PBXFileReference; fileEncoding = 4; lastKnownFileType = sourcecode.swift; path = NewPostTableViewController.swift; sourceTree = "<group>"; };
		385C7B821BD2BFF000141E04 /* StatusIndicator.xib */ = {isa = PBXFileReference; fileEncoding = 4; lastKnownFileType = file.xib; path = StatusIndicator.xib; sourceTree = "<group>"; };
		385C7B841BD2C46200141E04 /* StatusIndicator.swift */ = {isa = PBXFileReference; fileEncoding = 4; lastKnownFileType = sourcecode.swift; path = StatusIndicator.swift; sourceTree = "<group>"; };
		3867009D1B8664D800193355 /* UserViewController.swift */ = {isa = PBXFileReference; fileEncoding = 4; lastKnownFileType = sourcecode.swift; path = UserViewController.swift; sourceTree = "<group>"; };
		3867009F1B86650300193355 /* OrganizationCollectionViewManager.swift */ = {isa = PBXFileReference; fileEncoding = 4; lastKnownFileType = sourcecode.swift; path = OrganizationCollectionViewManager.swift; sourceTree = "<group>"; };
		386700A11B8D461900193355 /* Post.swift */ = {isa = PBXFileReference; fileEncoding = 4; lastKnownFileType = sourcecode.swift; path = Post.swift; sourceTree = "<group>"; };
		386700C41B8D518800193355 /* infor[me]-Bridging-Header.h */ = {isa = PBXFileReference; lastKnownFileType = sourcecode.c.h; path = "infor[me]-Bridging-Header.h"; sourceTree = "<group>"; };
		386765471BEA51F500B70FEB /* ErrorMessageTableViewController.swift */ = {isa = PBXFileReference; fileEncoding = 4; lastKnownFileType = sourcecode.swift; path = ErrorMessageTableViewController.swift; sourceTree = "<group>"; };
		3869BDD11B7D37E3007C97AE /* Utilities.swift */ = {isa = PBXFileReference; fileEncoding = 4; lastKnownFileType = sourcecode.swift; path = Utilities.swift; sourceTree = "<group>"; };
		3869BDD31B7D487B007C97AE /* PostWithPhotoTableViewCell.swift */ = {isa = PBXFileReference; fileEncoding = 4; lastKnownFileType = sourcecode.swift; path = PostWithPhotoTableViewCell.swift; sourceTree = "<group>"; };
		386EC8351B7532BE00921F4C /* UIColor+Announcements-iOS.swift */ = {isa = PBXFileReference; fileEncoding = 4; lastKnownFileType = sourcecode.swift; path = "UIColor+Announcements-iOS.swift"; sourceTree = "<group>"; };
		3877EE421B965F1100433E60 /* Comment.swift */ = {isa = PBXFileReference; fileEncoding = 4; lastKnownFileType = sourcecode.swift; path = Comment.swift; sourceTree = "<group>"; };
		3877EE441B969BDA00433E60 /* User.swift */ = {isa = PBXFileReference; fileEncoding = 4; lastKnownFileType = sourcecode.swift; name = User.swift; path = ../User.swift; sourceTree = "<group>"; };
		3877EE461B96B63D00433E60 /* Follower.swift */ = {isa = PBXFileReference; fileEncoding = 4; lastKnownFileType = sourcecode.swift; path = Follower.swift; sourceTree = "<group>"; };
		3882B0C81BE6878D00002730 /* TextViewTableViewCell.swift */ = {isa = PBXFileReference; fileEncoding = 4; lastKnownFileType = sourcecode.swift; path = TextViewTableViewCell.swift; sourceTree = "<group>"; };
		3882B0CA1BE687B000002730 /* TextViewTableViewCell.xib */ = {isa = PBXFileReference; fileEncoding = 4; lastKnownFileType = file.xib; path = TextViewTableViewCell.xib; sourceTree = "<group>"; };
		389168661B75401500351191 /* photo-1421757295538-9c80958e75b0.jpeg */ = {isa = PBXFileReference; lastKnownFileType = image.jpeg; path = "photo-1421757295538-9c80958e75b0.jpeg"; sourceTree = "<group>"; };
		389D385C1BB23A380003C42B /* AdminCollectionViewController.swift */ = {isa = PBXFileReference; fileEncoding = 4; lastKnownFileType = sourcecode.swift; path = AdminCollectionViewController.swift; sourceTree = "<group>"; };
		389D385E1BB9B9520003C42B /* AdminPanelTableViewController.swift */ = {isa = PBXFileReference; fileEncoding = 4; lastKnownFileType = sourcecode.swift; path = AdminPanelTableViewController.swift; sourceTree = "<group>"; };
		38DAD0241C2CC31B0042C76C /* ImagePicker.swift */ = {isa = PBXFileReference; fileEncoding = 4; lastKnownFileType = sourcecode.swift; path = ImagePicker.swift; sourceTree = "<group>"; };
		38E990F11C344A6C005B98A0 /* UserTableViewCell.xib */ = {isa = PBXFileReference; fileEncoding = 4; lastKnownFileType = file.xib; path = UserTableViewCell.xib; sourceTree = "<group>"; };
		38E990F31C344A8C005B98A0 /* UserTableViewCell.swift */ = {isa = PBXFileReference; fileEncoding = 4; lastKnownFileType = sourcecode.swift; path = UserTableViewCell.swift; sourceTree = "<group>"; };
		38E990F71C3878C2005B98A0 /* UserTableViewController.swift */ = {isa = PBXFileReference; fileEncoding = 4; lastKnownFileType = sourcecode.swift; path = UserTableViewController.swift; sourceTree = "<group>"; };
		38F39EA21BFA9F060011384B /* TermsConditionsViewController.swift */ = {isa = PBXFileReference; fileEncoding = 4; lastKnownFileType = sourcecode.swift; path = TermsConditionsViewController.swift; sourceTree = "<group>"; };
		38FD45391B54527300896403 /* informe.app */ = {isa = PBXFileReference; explicitFileType = wrapper.application; includeInIndex = 0; path = informe.app; sourceTree = BUILT_PRODUCTS_DIR; };
		38FD453D1B54527300896403 /* Info.plist */ = {isa = PBXFileReference; lastKnownFileType = text.plist.xml; path = Info.plist; sourceTree = "<group>"; };
		38FD453E1B54527300896403 /* AppDelegate.swift */ = {isa = PBXFileReference; lastKnownFileType = sourcecode.swift; path = AppDelegate.swift; sourceTree = "<group>"; };
		38FD45451B54527300896403 /* Images.xcassets */ = {isa = PBXFileReference; lastKnownFileType = folder.assetcatalog; path = Images.xcassets; sourceTree = "<group>"; };
		38FD45481B54527300896403 /* Base */ = {isa = PBXFileReference; lastKnownFileType = file.xib; name = Base; path = Base.lproj/LaunchScreen.xib; sourceTree = "<group>"; };
		38FF93151B97905C00A98FC1 /* UIKit.framework */ = {isa = PBXFileReference; lastKnownFileType = wrapper.framework; name = UIKit.framework; path = System/Library/Frameworks/UIKit.framework; sourceTree = SDKROOT; };
		38FF93171B97908000A98FC1 /* Foundation.framework */ = {isa = PBXFileReference; lastKnownFileType = wrapper.framework; name = Foundation.framework; path = System/Library/Frameworks/Foundation.framework; sourceTree = SDKROOT; };
		38FF93191B9790B300A98FC1 /* libBolts.a */ = {isa = PBXFileReference; lastKnownFileType = archive.ar; name = libBolts.a; path = "Pods/../build/Debug-iphoneos/libBolts.a"; sourceTree = "<group>"; };
		38FF931A1B9790B300A98FC1 /* libCCBottomRefreshControl.a */ = {isa = PBXFileReference; lastKnownFileType = archive.ar; name = libCCBottomRefreshControl.a; path = "Pods/../build/Debug-iphoneos/libCCBottomRefreshControl.a"; sourceTree = "<group>"; };
		38FF931B1B9790B300A98FC1 /* libDateTools.a */ = {isa = PBXFileReference; lastKnownFileType = archive.ar; name = libDateTools.a; path = "Pods/../build/Debug-iphoneos/libDateTools.a"; sourceTree = "<group>"; };
		38FF931C1B9790B300A98FC1 /* libMasonry.a */ = {isa = PBXFileReference; lastKnownFileType = archive.ar; name = libMasonry.a; path = "Pods/../build/Debug-iphoneos/libMasonry.a"; sourceTree = "<group>"; };
		38FF931D1B9790B400A98FC1 /* libParse.a */ = {isa = PBXFileReference; lastKnownFileType = archive.ar; name = libParse.a; path = "Pods/../build/Debug-iphoneos/libParse.a"; sourceTree = "<group>"; };
		38FF931E1B9790B400A98FC1 /* libParseUI.a */ = {isa = PBXFileReference; lastKnownFileType = archive.ar; name = libParseUI.a; path = "Pods/../build/Debug-iphoneos/libParseUI.a"; sourceTree = "<group>"; };
		38FF931F1B9790B400A98FC1 /* libRSKImageCropper.a */ = {isa = PBXFileReference; lastKnownFileType = archive.ar; name = libRSKImageCropper.a; path = "Pods/../build/Debug-iphoneos/libRSKImageCropper.a"; sourceTree = "<group>"; };
		38FF93271B9938C500A98FC1 /* TextViewController.swift */ = {isa = PBXFileReference; fileEncoding = 4; lastKnownFileType = sourcecode.swift; path = TextViewController.swift; sourceTree = "<group>"; };
		63411F50EE4F7B3C4A997AFD /* Pods-infor[me].debug.xcconfig */ = {isa = PBXFileReference; includeInIndex = 1; lastKnownFileType = text.xcconfig; name = "Pods-infor[me].debug.xcconfig"; path = "Pods/Target Support Files/Pods-infor[me]/Pods-infor[me].debug.xcconfig"; sourceTree = "<group>"; };
		B3E92282B7CEF11ACA07BC61 /* libPods-infor[me].a */ = {isa = PBXFileReference; explicitFileType = archive.ar; includeInIndex = 0; path = "libPods-infor[me].a"; sourceTree = BUILT_PRODUCTS_DIR; };
/* End PBXFileReference section */

/* Begin PBXFrameworksBuildPhase section */
		38FD45361B54527300896403 /* Frameworks */ = {
			isa = PBXFrameworksBuildPhase;
			buildActionMask = 2147483647;
			files = (
				0A7CF4C24EE550480F1B8466 /* libPods-infor[me].a in Frameworks */,
			);
			runOnlyForDeploymentPostprocessing = 0;
		};
/* End PBXFrameworksBuildPhase section */

/* Begin PBXGroup section */
		039DFE945A3B656AD6DFB04B /* Pods */ = {
			isa = PBXGroup;
			children = (
				63411F50EE4F7B3C4A997AFD /* Pods-infor[me].debug.xcconfig */,
				1F99AE053E58EF24F8DD1A40 /* Pods-infor[me].release.xcconfig */,
			);
			name = Pods;
			sourceTree = "<group>";
		};
		38232C481B75182B00789340 /* Misc User Interface */ = {
			isa = PBXGroup;
			children = (
				38FD45471B54527300896403 /* LaunchScreen.xib */,
				383E76571B8555B600A75432 /* FollowButton.swift */,
				383E76551B85548300A75432 /* FollowButton.xib */,
				382AEF9F1B7EF846002A330D /* PopoverDatePicker.swift */,
				382AEF9D1B7EF643002A330D /* PopoverDatePicker.xib */,
				38302D2C1B8F5C7E002A548A /* DatePickerViewController.swift */,
			);
			name = "Misc User Interface";
			sourceTree = "<group>";
		};
		38302D271B8E2435002A548A /* Data Classes */ = {
			isa = PBXGroup;
			children = (
				3877EE461B96B63D00433E60 /* Follower.swift */,
				3877EE441B969BDA00433E60 /* User.swift */,
				386700A11B8D461900193355 /* Post.swift */,
				38302D281B8E24CA002A548A /* Organization.swift */,
				3877EE421B965F1100433E60 /* Comment.swift */,
				3855E6741C02B96900F4E692 /* OrganizationLevelsConfig.swift */,
			);
			name = "Data Classes";
			sourceTree = "<group>";
		};
		383E76501B850A4800A75432 /* PostTableView */ = {
			isa = PBXGroup;
			children = (
				38232C401B75123B00789340 /* TodayTableViewController.swift */,
				386765471BEA51F500B70FEB /* ErrorMessageTableViewController.swift */,
				382AEF991B7EEE0A002A330D /* OrganizationViewController.swift */,
				382AEF971B7EEB64002A330D /* PostTableViewManager.swift */,
				38232C4B1B75192400789340 /* PostTableViewCell.xib */,
				38232C491B75190500789340 /* PostTableViewCell.swift */,
				383E764E1B84F4D300A75432 /* PostWithPhotoTableViewCell.xib */,
				3869BDD31B7D487B007C97AE /* PostWithPhotoTableViewCell.swift */,
			);
			name = PostTableView;
			sourceTree = "<group>";
		};
		383E76511B850AA100A75432 /* CommentTableView */ = {
			isa = PBXGroup;
			children = (
				383E764A1B84ECB000A75432 /* CommentsTableViewController.swift */,
				383E76531B850C3D00A75432 /* CommentsTableViewManager.swift */,
				383E76481B84EADE00A75432 /* CommentTableViewCell.xib */,
				383E764C1B84ED2500A75432 /* CommentTableViewCell.swift */,
			);
			name = CommentTableView;
			sourceTree = "<group>";
		};
		385C7B791BCF196900141E04 /* Input TableViewCells */ = {
			isa = PBXGroup;
			children = (
				385C7B7A1BCF19AF00141E04 /* TextInputTableViewCell.swift */,
				383E5DE21C0365F2005DF406 /* CloudCodeFunctions.swift */,
				385C7B7C1BCF19CA00141E04 /* TextInputTableViewCell.xib */,
				3882B0C81BE6878D00002730 /* TextViewTableViewCell.swift */,
				3882B0CA1BE687B000002730 /* TextViewTableViewCell.xib */,
				3854556F1BE6C38E00B372D7 /* DatePickerTableViewCell.swift */,
				3854556D1BE6C37000B372D7 /* DatePickerTableViewCell.xib */,
				385455731BE6DA1A00B372D7 /* ImageTableViewCell.swift */,
				385455711BE6D9F700B372D7 /* ImageTableViewCell.xib */,
				385455751BE6DA4B00B372D7 /* SwitchTableViewCell.swift */,
				385455771BE6DA6300B372D7 /* SwitchTableViewCell.xib */,
				3854557B1BE6DBCF00B372D7 /* SegmentedControlTableViewCell.swift */,
				385455791BE6DBBD00B372D7 /* SegmentedControlTableViewCell.xib */,
			);
			name = "Input TableViewCells";
			sourceTree = "<group>";
		};
		386700C31B8D4AE300193355 /* Frameworks */ = {
			isa = PBXGroup;
			children = (
				38FF93191B9790B300A98FC1 /* libBolts.a */,
				38FF931A1B9790B300A98FC1 /* libCCBottomRefreshControl.a */,
				38FF931B1B9790B300A98FC1 /* libDateTools.a */,
				38FF931C1B9790B300A98FC1 /* libMasonry.a */,
				38FF931D1B9790B400A98FC1 /* libParse.a */,
				38FF931E1B9790B400A98FC1 /* libParseUI.a */,
				38FF931F1B9790B400A98FC1 /* libRSKImageCropper.a */,
				38FF93171B97908000A98FC1 /* Foundation.framework */,
				38FF93151B97905C00A98FC1 /* UIKit.framework */,
				B3E92282B7CEF11ACA07BC61 /* libPods-infor[me].a */,
			);
			name = Frameworks;
			sourceTree = "<group>";
		};
		38FD45301B54527300896403 = {
			isa = PBXGroup;
			children = (
				386700C31B8D4AE300193355 /* Frameworks */,
				38FD453B1B54527300896403 /* Announcements */,
				38FD453A1B54527300896403 /* Products */,
				039DFE945A3B656AD6DFB04B /* Pods */,
			);
			sourceTree = "<group>";
		};
		38FD453A1B54527300896403 /* Products */ = {
			isa = PBXGroup;
			children = (
				38FD45391B54527300896403 /* informe.app */,
			);
			name = Products;
			sourceTree = "<group>";
		};
		38FD453B1B54527300896403 /* Announcements */ = {
			isa = PBXGroup;
			children = (
				385C7B791BCF196900141E04 /* Input TableViewCells */,
				383E763E1B83D7AD00A75432 /* Main.storyboard */,
				382337E61C2C8F66007E9409 /* ImagePreviewViewController.swift */,
				384CB3A01C6153AF00472CE2 /* FollowerTableViewController.swift */,
				38E990F71C3878C2005B98A0 /* UserTableViewController.swift */,
				384CB3A21C62B65A00472CE2 /* AdminUserTableViewController.swift */,
				38E990F11C344A6C005B98A0 /* UserTableViewCell.xib */,
				38E990F31C344A8C005B98A0 /* UserTableViewCell.swift */,
				38F39EA21BFA9F060011384B /* TermsConditionsViewController.swift */,
				385C7B801BCF1C7D00141E04 /* NewPostTableViewController.swift */,
				3855E67A1C02C95C00F4E692 /* AdminTableViewController.swift */,
				385C7B771BCDC41E00141E04 /* SignUpViewController.swift */,
				385C7B751BC1ED6400141E04 /* MoreTableViewController.swift */,
				3858A99A1BC1C4E600C6BED9 /* SlantedView.swift */,
				3831F4F61BC1D8C600FB6549 /* SignInViewController.swift */,
				3855E6761C02C76200F4E692 /* ModifyOrganizationTableViewController.swift */,
				389D385E1BB9B9520003C42B /* AdminPanelTableViewController.swift */,
				389D385C1BB23A380003C42B /* AdminCollectionViewController.swift */,
				38FF93271B9938C500A98FC1 /* TextViewController.swift */,
				3869BDD11B7D37E3007C97AE /* Utilities.swift */,
				385C7B821BD2BFF000141E04 /* StatusIndicator.xib */,
				385C7B841BD2C46200141E04 /* StatusIndicator.swift */,
				3858A9981BC1B41C00C6BED9 /* OnboardingViewController.swift */,
				382AEF9B1B7EF3C2002A330D /* TabBarController.swift */,
				38DAD0241C2CC31B0042C76C /* ImagePicker.swift */,
				38302D271B8E2435002A548A /* Data Classes */,
				383E76501B850A4800A75432 /* PostTableView */,
				383E76511B850AA100A75432 /* CommentTableView */,
				38232C481B75182B00789340 /* Misc User Interface */,
				38FF93141B976CAB00A98FC1 /* OrganizationCollectionView */,
				38FD453C1B54527300896403 /* Supporting Files */,
			);
			path = Announcements;
			sourceTree = "<group>";
		};
		38FD453C1B54527300896403 /* Supporting Files */ = {
			isa = PBXGroup;
			children = (
				386700C41B8D518800193355 /* infor[me]-Bridging-Header.h */,
				386EC8351B7532BE00921F4C /* UIColor+Announcements-iOS.swift */,
				38FD453E1B54527300896403 /* AppDelegate.swift */,
				38FD45451B54527300896403 /* Images.xcassets */,
				389168661B75401500351191 /* photo-1421757295538-9c80958e75b0.jpeg */,
				38FD453D1B54527300896403 /* Info.plist */,
			);
			name = "Supporting Files";
			sourceTree = "<group>";
		};
		38FF93141B976CAB00A98FC1 /* OrganizationCollectionView */ = {
			isa = PBXGroup;
			children = (
				383E76401B8409C900A75432 /* DiscoverCollectionViewController.swift */,
				3867009D1B8664D800193355 /* UserViewController.swift */,
				3867009F1B86650300193355 /* OrganizationCollectionViewManager.swift */,
				383E76441B841CCD00A75432 /* OrganizationCollectionViewCell.swift */,
				383E76461B84DFDC00A75432 /* OrganizationCollectionViewCell.xib */,
			);
			name = OrganizationCollectionView;
			sourceTree = "<group>";
		};
/* End PBXGroup section */

/* Begin PBXNativeTarget section */
		38FD45381B54527300896403 /* infor[me] */ = {
			isa = PBXNativeTarget;
			buildConfigurationList = 38FD45581B54527300896403 /* Build configuration list for PBXNativeTarget "infor[me]" */;
			buildPhases = (
				300C1EBE7B82B7B4D59F0B49 /* Check Pods Manifest.lock */,
				38FD45351B54527300896403 /* Sources */,
				38FD45361B54527300896403 /* Frameworks */,
				38FD45371B54527300896403 /* Resources */,
				1A1EEE524ECF1509D458B4DE /* Copy Pods Resources */,
			);
			buildRules = (
			);
			dependencies = (
			);
			name = "infor[me]";
			productName = Announcements;
			productReference = 38FD45391B54527300896403 /* informe.app */;
			productType = "com.apple.product-type.application";
		};
/* End PBXNativeTarget section */

/* Begin PBXProject section */
		38FD45311B54527300896403 /* Project object */ = {
			isa = PBXProject;
			attributes = {
				LastSwiftMigration = 0700;
				LastSwiftUpdateCheck = 0700;
				LastUpgradeCheck = 0700;
				ORGANIZATIONNAME = "Mindbend Studio";
				TargetAttributes = {
					38FD45381B54527300896403 = {
						CreatedOnToolsVersion = 6.4;
						DevelopmentTeam = WLR9RV28TP;
						SystemCapabilities = {
							com.apple.Push = {
								enabled = 1;
							};
						};
					};
				};
			};
			buildConfigurationList = 38FD45341B54527300896403 /* Build configuration list for PBXProject "infor[me]" */;
			compatibilityVersion = "Xcode 3.2";
			developmentRegion = English;
			hasScannedForEncodings = 0;
			knownRegions = (
				en,
				Base,
			);
			mainGroup = 38FD45301B54527300896403;
			productRefGroup = 38FD453A1B54527300896403 /* Products */;
			projectDirPath = "";
			projectRoot = "";
			targets = (
				38FD45381B54527300896403 /* infor[me] */,
			);
		};
/* End PBXProject section */

/* Begin PBXResourcesBuildPhase section */
		38FD45371B54527300896403 /* Resources */ = {
			isa = PBXResourcesBuildPhase;
			buildActionMask = 2147483647;
			files = (
				385455721BE6D9F700B372D7 /* ImageTableViewCell.xib in Resources */,
				389168671B75401500351191 /* photo-1421757295538-9c80958e75b0.jpeg in Resources */,
				385C7B831BD2BFF000141E04 /* StatusIndicator.xib in Resources */,
				382AEF9E1B7EF643002A330D /* PopoverDatePicker.xib in Resources */,
				38FD45491B54527300896403 /* LaunchScreen.xib in Resources */,
				3882B0CB1BE687B000002730 /* TextViewTableViewCell.xib in Resources */,
				383E763F1B83D7AD00A75432 /* Main.storyboard in Resources */,
				383E76471B84DFDC00A75432 /* OrganizationCollectionViewCell.xib in Resources */,
				385C7B7D1BCF19CA00141E04 /* TextInputTableViewCell.xib in Resources */,
				383E764F1B84F4D300A75432 /* PostWithPhotoTableViewCell.xib in Resources */,
				3854556E1BE6C37000B372D7 /* DatePickerTableViewCell.xib in Resources */,
				383E76561B85548300A75432 /* FollowButton.xib in Resources */,
				38FD45461B54527300896403 /* Images.xcassets in Resources */,
				385455781BE6DA6300B372D7 /* SwitchTableViewCell.xib in Resources */,
				3854557A1BE6DBBD00B372D7 /* SegmentedControlTableViewCell.xib in Resources */,
				38232C4C1B75192400789340 /* PostTableViewCell.xib in Resources */,
				38E990F21C344A6C005B98A0 /* UserTableViewCell.xib in Resources */,
				383E76491B84EADE00A75432 /* CommentTableViewCell.xib in Resources */,
			);
			runOnlyForDeploymentPostprocessing = 0;
		};
/* End PBXResourcesBuildPhase section */

/* Begin PBXShellScriptBuildPhase section */
		1A1EEE524ECF1509D458B4DE /* Copy Pods Resources */ = {
			isa = PBXShellScriptBuildPhase;
			buildActionMask = 2147483647;
			files = (
			);
			inputPaths = (
			);
			name = "Copy Pods Resources";
			outputPaths = (
			);
			runOnlyForDeploymentPostprocessing = 0;
			shellPath = /bin/sh;
			shellScript = "\"${SRCROOT}/Pods/Target Support Files/Pods-infor[me]/Pods-infor[me]-resources.sh\"\n";
			showEnvVarsInLog = 0;
		};
		300C1EBE7B82B7B4D59F0B49 /* Check Pods Manifest.lock */ = {
			isa = PBXShellScriptBuildPhase;
			buildActionMask = 2147483647;
			files = (
			);
			inputPaths = (
			);
			name = "Check Pods Manifest.lock";
			outputPaths = (
			);
			runOnlyForDeploymentPostprocessing = 0;
			shellPath = /bin/sh;
			shellScript = "diff \"${PODS_ROOT}/../Podfile.lock\" \"${PODS_ROOT}/Manifest.lock\" > /dev/null\nif [[ $? != 0 ]] ; then\n    cat << EOM\nerror: The sandbox is not in sync with the Podfile.lock. Run 'pod install' or update your CocoaPods installation.\nEOM\n    exit 1\nfi\n";
			showEnvVarsInLog = 0;
		};
/* End PBXShellScriptBuildPhase section */

/* Begin PBXSourcesBuildPhase section */
		38FD45351B54527300896403 /* Sources */ = {
			isa = PBXSourcesBuildPhase;
			buildActionMask = 2147483647;
			files = (
				384CB3A31C62B65A00472CE2 /* AdminUserTableViewController.swift in Sources */,
				385C7B851BD2C46200141E04 /* StatusIndicator.swift in Sources */,
				383E76541B850C3D00A75432 /* CommentsTableViewManager.swift in Sources */,
				38E990F41C344A8C005B98A0 /* UserTableViewCell.swift in Sources */,
				382AEF981B7EEB64002A330D /* PostTableViewManager.swift in Sources */,
				38302D2D1B8F5C7E002A548A /* DatePickerViewController.swift in Sources */,
				386EC8361B7532BE00921F4C /* UIColor+Announcements-iOS.swift in Sources */,
				383E764B1B84ECB000A75432 /* CommentsTableViewController.swift in Sources */,
				38FD453F1B54527300896403 /* AppDelegate.swift in Sources */,
				3867009E1B8664D800193355 /* UserViewController.swift in Sources */,
				385455761BE6DA4B00B372D7 /* SwitchTableViewCell.swift in Sources */,
				382AEF9C1B7EF3C2002A330D /* TabBarController.swift in Sources */,
				3855E6751C02B96900F4E692 /* OrganizationLevelsConfig.swift in Sources */,
				3831F4F71BC1D8C600FB6549 /* SignInViewController.swift in Sources */,
				389D385F1BB9B9520003C42B /* AdminPanelTableViewController.swift in Sources */,
				385C7B811BCF1C7D00141E04 /* NewPostTableViewController.swift in Sources */,
				385C7B781BCDC41E00141E04 /* SignUpViewController.swift in Sources */,
				3869BDD41B7D487B007C97AE /* PostWithPhotoTableViewCell.swift in Sources */,
				3877EE431B965F1100433E60 /* Comment.swift in Sources */,
				3858A9991BC1B41C00C6BED9 /* OnboardingViewController.swift in Sources */,
				38E990F81C3878C2005B98A0 /* UserTableViewController.swift in Sources */,
				38232C411B75123B00789340 /* TodayTableViewController.swift in Sources */,
				3882B0C91BE6878D00002730 /* TextViewTableViewCell.swift in Sources */,
				385C7B761BC1ED6400141E04 /* MoreTableViewController.swift in Sources */,
				385455701BE6C38E00B372D7 /* DatePickerTableViewCell.swift in Sources */,
				383E5DE31C0365F2005DF406 /* CloudCodeFunctions.swift in Sources */,
				3855E6771C02C76200F4E692 /* ModifyOrganizationTableViewController.swift in Sources */,
				385C7B7B1BCF19AF00141E04 /* TextInputTableViewCell.swift in Sources */,
				3869BDD21B7D37E3007C97AE /* Utilities.swift in Sources */,
				382AEF9A1B7EEE0A002A330D /* OrganizationViewController.swift in Sources */,
				386765481BEA51F500B70FEB /* ErrorMessageTableViewController.swift in Sources */,
				38232C4A1B75190500789340 /* PostTableViewCell.swift in Sources */,
				389D385D1BB23A380003C42B /* AdminCollectionViewController.swift in Sources */,
				3858A99B1BC1C4E600C6BED9 /* SlantedView.swift in Sources */,
				383E76451B841CCD00A75432 /* OrganizationCollectionViewCell.swift in Sources */,
				383E76581B8555B600A75432 /* FollowButton.swift in Sources */,
				383E764D1B84ED2500A75432 /* CommentTableViewCell.swift in Sources */,
				3854557C1BE6DBCF00B372D7 /* SegmentedControlTableViewCell.swift in Sources */,
				386700A01B86650300193355 /* OrganizationCollectionViewManager.swift in Sources */,
				383E76411B8409C900A75432 /* DiscoverCollectionViewController.swift in Sources */,
				385455741BE6DA1A00B372D7 /* ImageTableViewCell.swift in Sources */,
				3877EE471B96B63D00433E60 /* Follower.swift in Sources */,
				38FF93281B9938C500A98FC1 /* TextViewController.swift in Sources */,
				384CB3A11C6153AF00472CE2 /* FollowerTableViewController.swift in Sources */,
				386700A21B8D461900193355 /* Post.swift in Sources */,
				3855E67B1C02C95C00F4E692 /* AdminTableViewController.swift in Sources */,
				38F39EA31BFA9F060011384B /* TermsConditionsViewController.swift in Sources */,
				38302D291B8E24CA002A548A /* Organization.swift in Sources */,
				382AEFA01B7EF846002A330D /* PopoverDatePicker.swift in Sources */,
				38DAD0251C2CC31B0042C76C /* ImagePicker.swift in Sources */,
				382337E71C2C8F66007E9409 /* ImagePreviewViewController.swift in Sources */,
				3877EE451B969BDA00433E60 /* User.swift in Sources */,
			);
			runOnlyForDeploymentPostprocessing = 0;
		};
/* End PBXSourcesBuildPhase section */

/* Begin PBXVariantGroup section */
		38FD45471B54527300896403 /* LaunchScreen.xib */ = {
			isa = PBXVariantGroup;
			children = (
				38FD45481B54527300896403 /* Base */,
			);
			name = LaunchScreen.xib;
			sourceTree = "<group>";
		};
/* End PBXVariantGroup section */

/* Begin XCBuildConfiguration section */
		38FD45561B54527300896403 /* Debug */ = {
			isa = XCBuildConfiguration;
			buildSettings = {
				ALWAYS_SEARCH_USER_PATHS = NO;
				CLANG_CXX_LANGUAGE_STANDARD = "gnu++0x";
				CLANG_CXX_LIBRARY = "libc++";
				CLANG_ENABLE_MODULES = YES;
				CLANG_ENABLE_OBJC_ARC = YES;
				CLANG_WARN_BOOL_CONVERSION = YES;
				CLANG_WARN_CONSTANT_CONVERSION = YES;
				CLANG_WARN_DIRECT_OBJC_ISA_USAGE = YES_ERROR;
				CLANG_WARN_EMPTY_BODY = YES;
				CLANG_WARN_ENUM_CONVERSION = YES;
				CLANG_WARN_INT_CONVERSION = YES;
				CLANG_WARN_OBJC_ROOT_CLASS = YES_ERROR;
				CLANG_WARN_UNREACHABLE_CODE = YES;
				CLANG_WARN__DUPLICATE_METHOD_MATCH = YES;
				CODE_SIGN_IDENTITY = "iPhone Developer: Rajiv Chugh (7A6NXXTQUZ)";
				"CODE_SIGN_IDENTITY[sdk=iphoneos*]" = "iPhone Developer: Rajiv Chugh (7A6NXXTQUZ)";
				COPY_PHASE_STRIP = NO;
				DEBUG_INFORMATION_FORMAT = "dwarf-with-dsym";
				ENABLE_STRICT_OBJC_MSGSEND = YES;
				ENABLE_TESTABILITY = YES;
				GCC_C_LANGUAGE_STANDARD = gnu99;
				GCC_DYNAMIC_NO_PIC = NO;
				GCC_NO_COMMON_BLOCKS = YES;
				GCC_OPTIMIZATION_LEVEL = 0;
				GCC_PREPROCESSOR_DEFINITIONS = (
					"DEBUG=1",
					"$(inherited)",
				);
				GCC_SYMBOLS_PRIVATE_EXTERN = NO;
				GCC_WARN_64_TO_32_BIT_CONVERSION = YES;
				GCC_WARN_ABOUT_RETURN_TYPE = YES_ERROR;
				GCC_WARN_UNDECLARED_SELECTOR = YES;
				GCC_WARN_UNINITIALIZED_AUTOS = YES_AGGRESSIVE;
				GCC_WARN_UNUSED_FUNCTION = YES;
				GCC_WARN_UNUSED_VARIABLE = YES;
				IPHONEOS_DEPLOYMENT_TARGET = 8.4;
				MTL_ENABLE_DEBUG_INFO = YES;
				ONLY_ACTIVE_ARCH = YES;
				PROVISIONING_PROFILE = "fe1dc5cd-1856-4c9e-a9e7-6e9e0b8ebce5";
				SDKROOT = iphoneos;
				SWIFT_OPTIMIZATION_LEVEL = "-Onone";
			};
			name = Debug;
		};
		38FD45571B54527300896403 /* Release */ = {
			isa = XCBuildConfiguration;
			buildSettings = {
				ALWAYS_SEARCH_USER_PATHS = NO;
				CLANG_CXX_LANGUAGE_STANDARD = "gnu++0x";
				CLANG_CXX_LIBRARY = "libc++";
				CLANG_ENABLE_MODULES = YES;
				CLANG_ENABLE_OBJC_ARC = YES;
				CLANG_WARN_BOOL_CONVERSION = YES;
				CLANG_WARN_CONSTANT_CONVERSION = YES;
				CLANG_WARN_DIRECT_OBJC_ISA_USAGE = YES_ERROR;
				CLANG_WARN_EMPTY_BODY = YES;
				CLANG_WARN_ENUM_CONVERSION = YES;
				CLANG_WARN_INT_CONVERSION = YES;
				CLANG_WARN_OBJC_ROOT_CLASS = YES_ERROR;
				CLANG_WARN_UNREACHABLE_CODE = YES;
				CLANG_WARN__DUPLICATE_METHOD_MATCH = YES;
				CODE_SIGN_IDENTITY = "iPhone Developer: Rajiv Chugh (7A6NXXTQUZ)";
				"CODE_SIGN_IDENTITY[sdk=iphoneos*]" = "iPhone Developer: Rajiv Chugh (7A6NXXTQUZ)";
				COPY_PHASE_STRIP = NO;
				DEBUG_INFORMATION_FORMAT = "dwarf-with-dsym";
				ENABLE_NS_ASSERTIONS = NO;
				ENABLE_STRICT_OBJC_MSGSEND = YES;
				GCC_C_LANGUAGE_STANDARD = gnu99;
				GCC_NO_COMMON_BLOCKS = YES;
				GCC_WARN_64_TO_32_BIT_CONVERSION = YES;
				GCC_WARN_ABOUT_RETURN_TYPE = YES_ERROR;
				GCC_WARN_UNDECLARED_SELECTOR = YES;
				GCC_WARN_UNINITIALIZED_AUTOS = YES_AGGRESSIVE;
				GCC_WARN_UNUSED_FUNCTION = YES;
				GCC_WARN_UNUSED_VARIABLE = YES;
				IPHONEOS_DEPLOYMENT_TARGET = 8.4;
				MTL_ENABLE_DEBUG_INFO = NO;
				PROVISIONING_PROFILE = "fe1dc5cd-1856-4c9e-a9e7-6e9e0b8ebce5";
				SDKROOT = iphoneos;
				VALIDATE_PRODUCT = YES;
			};
			name = Release;
		};
		38FD45591B54527300896403 /* Debug */ = {
			isa = XCBuildConfiguration;
			baseConfigurationReference = 63411F50EE4F7B3C4A997AFD /* Pods-infor[me].debug.xcconfig */;
			buildSettings = {
				ASSETCATALOG_COMPILER_APPICON_NAME = AppIcon;
				ASSETCATALOG_COMPILER_LAUNCHIMAGE_NAME = LaunchImage;
				CLANG_ENABLE_MODULES = YES;
				CODE_SIGN_IDENTITY = "iPhone Developer: Rajiv Chugh (7A6NXXTQUZ)";
				"CODE_SIGN_IDENTITY[sdk=iphoneos*]" = "iPhone Distribution: Rajiv Chugh";
				FRAMEWORK_SEARCH_PATHS = (
					"$(inherited)",
					"$(PROJECT_DIR)",
				);
				INFOPLIST_FILE = Announcements/Info.plist;
				IPHONEOS_DEPLOYMENT_TARGET = 7.1;
				LD_RUNPATH_SEARCH_PATHS = "$(inherited) @executable_path/Frameworks";
				LIBRARY_SEARCH_PATHS = (
					"$(inherited)",
					"$(PROJECT_DIR)/build/Debug-iphoneos",
				);
				PRODUCT_BUNDLE_IDENTIFIER = "com.mindbendstudio.infor-me-";
				PRODUCT_NAME = informe;
				PROVISIONING_PROFILE = "28b60264-9f4a-4518-8121-fda6287ff227";
				SWIFT_OBJC_BRIDGING_HEADER = "Announcements/infor[me]-Bridging-Header.h";
				SWIFT_OPTIMIZATION_LEVEL = "-Onone";
				TARGETED_DEVICE_FAMILY = 1;
			};
			name = Debug;
		};
		38FD455A1B54527300896403 /* Release */ = {
			isa = XCBuildConfiguration;
			baseConfigurationReference = 1F99AE053E58EF24F8DD1A40 /* Pods-infor[me].release.xcconfig */;
			buildSettings = {
				ASSETCATALOG_COMPILER_APPICON_NAME = AppIcon;
				ASSETCATALOG_COMPILER_LAUNCHIMAGE_NAME = LaunchImage;
				CLANG_ENABLE_MODULES = YES;
				CODE_SIGN_IDENTITY = "iPhone Developer: Rajiv Chugh (7A6NXXTQUZ)";
				"CODE_SIGN_IDENTITY[sdk=iphoneos*]" = "iPhone Distribution: Rajiv Chugh";
				FRAMEWORK_SEARCH_PATHS = (
					"$(inherited)",
					"$(PROJECT_DIR)",
				);
				INFOPLIST_FILE = Announcements/Info.plist;
				IPHONEOS_DEPLOYMENT_TARGET = 7.1;
				LD_RUNPATH_SEARCH_PATHS = "$(inherited) @executable_path/Frameworks";
				LIBRARY_SEARCH_PATHS = (
					"$(inherited)",
					"$(PROJECT_DIR)/build/Debug-iphoneos",
				);
				PRODUCT_BUNDLE_IDENTIFIER = "com.mindbendstudio.infor-me-";
				PRODUCT_NAME = informe;
				PROVISIONING_PROFILE = "28b60264-9f4a-4518-8121-fda6287ff227";
				SWIFT_OBJC_BRIDGING_HEADER = "Announcements/infor[me]-Bridging-Header.h";
				TARGETED_DEVICE_FAMILY = 1;
			};
			name = Release;
		};
/* End XCBuildConfiguration section */

/* Begin XCConfigurationList section */
		38FD45341B54527300896403 /* Build configuration list for PBXProject "infor[me]" */ = {
			isa = XCConfigurationList;
			buildConfigurations = (
				38FD45561B54527300896403 /* Debug */,
				38FD45571B54527300896403 /* Release */,
			);
			defaultConfigurationIsVisible = 0;
			defaultConfigurationName = Release;
		};
		38FD45581B54527300896403 /* Build configuration list for PBXNativeTarget "infor[me]" */ = {
			isa = XCConfigurationList;
			buildConfigurations = (
				38FD45591B54527300896403 /* Debug */,
				38FD455A1B54527300896403 /* Release */,
			);
			defaultConfigurationIsVisible = 0;
			defaultConfigurationName = Release;
		};
/* End XCConfigurationList section */
	};
	rootObject = 38FD45311B54527300896403 /* Project object */;
}
